
Microsoft Visual Studio Solution File, Format Version 12.00
# Visual Studio 15
VisualStudioVersion = 15.0.27703.2042
MinimumVisualStudioVersion = 10.0.40219.1
Project("{FAE04EC0-301F-11D3-BF4B-00C04F79EFBC}") = "Assembly-CSharp", "Assembly-CSharp.csproj", "{0BA774AA-B2B4-468C-B002-CAA0652C466E}"
EndProject
Global
	GlobalSection(SolutionConfigurationPlatforms) = preSolution
		Debug|Any CPU = Debug|Any CPU
		Release|Any CPU = Release|Any CPU
	EndGlobalSection
	GlobalSection(ProjectConfigurationPlatforms) = postSolution
		{0BA774AA-B2B4-468C-B002-CAA0652C466E}.Debug|Any CPU.ActiveCfg = Debug|Any CPU
		{0BA774AA-B2B4-468C-B002-CAA0652C466E}.Debug|Any CPU.Build.0 = Debug|Any CPU
		{0BA774AA-B2B4-468C-B002-CAA0652C466E}.Release|Any CPU.ActiveCfg = Release|Any CPU
		{0BA774AA-B2B4-468C-B002-CAA0652C466E}.Release|Any CPU.Build.0 = Release|Any CPU
	EndGlobalSection
	GlobalSection(SolutionProperties) = preSolution
		HideSolutionNode = FALSE
	EndGlobalSection
	GlobalSection(ExtensibilityGlobals) = postSolution
		SolutionGuid = {DCD9BAA9-8CFB-45CF-8BEB-363E9C89A2C8}
	EndGlobalSection
	GlobalSection(MonoDevelopProperties) = preSolution
		Policies = $0
		$0.TextStylePolicy = $1
		$1.FileWidth = 80
		$1.scope = text/x-csharp
		$0.CSharpFormattingPolicy = $2
		$2.IndentSwitchSection = False
		$2.scope = text/x-csharp
	EndGlobalSection
EndGlobal
